[Container] 2024/01/30 05:44:34.173364 Waiting for agent ping
[Container] 2024/01/30 05:44:34.375851 Waiting for DOWNLOAD_SOURCE
[Container] 2024/01/30 05:44:35.738119 Phase is DOWNLOAD_SOURCE
[Container] 2024/01/30 05:44:35.739173 CODEBUILD_SRC_DIR=/codebuild/output/src1945110156/src
[Container] 2024/01/30 05:44:35.739664 YAML location is /codebuild/output/src1945110156/src/appspec.yml
[Container] 2024/01/30 05:44:35.741381 Setting HTTP client timeout to higher timeout for S3 source
[Container] 2024/01/30 05:44:35.741543 Processing environment variables
[Container] 2024/01/30 05:44:35.786726 Decrypting parameter store environment variables
[Container] 2024/01/30 05:44:36.089303 Selecting 'python' runtime version '3.11' based on manual selections...
[Container] 2024/01/30 05:44:36.089387 Running command echo "Installing Python version 3.11 ..."
Installing Python version 3.11 ...

[Container] 2024/01/30 05:44:36.148093 Running command pyenv global $PYTHON_311_VERSION

[Container] 2024/01/30 05:44:37.038497 Moving to directory /codebuild/output/src1945110156/src
[Container] 2024/01/30 05:44:37.041589 Unable to initialize cache download: no paths specified to be cached
[Container] 2024/01/30 05:44:37.090079 Configuring ssm agent with target id: codebuild:faf02872-e07b-4f72-ab36-c047d53e28a4
[Container] 2024/01/30 05:44:37.093176 Successfully updated ssm agent configuration
[Container] 2024/01/30 05:44:37.093551 Registering with agent
[Container] 2024/01/30 05:44:37.093570 Phases found in YAML: 4
[Container] 2024/01/30 05:44:37.093576  INSTALL: 4 commands
[Container] 2024/01/30 05:44:37.093581  PRE_BUILD: 1 commands
[Container] 2024/01/30 05:44:37.093585  BUILD: 6 commands
[Container] 2024/01/30 05:44:37.093589  POST_BUILD: 2 commands
[Container] 2024/01/30 05:44:37.093907 Phase complete: DOWNLOAD_SOURCE State: SUCCEEDED
[Container] 2024/01/30 05:44:37.093919 Phase context status code:  Message: 
[Container] 2024/01/30 05:44:37.151144 Entering phase INSTALL
[Container] 2024/01/30 05:44:37.151631 Running command tf_version=$TERRAFORM_VERSION

[Container] 2024/01/30 05:44:37.158716 Running command wget https://releases.hashicorp.com/terraform/"$TERRAFORM_VERSION"/terraform_"$TERRAFORM_VERSION"_linux_amd64.zip
--2024-01-30 05:44:38--  https://releases.hashicorp.com/terraform/1.7.1/terraform_1.7.1_linux_amd64.zip
Resolving releases.hashicorp.com (releases.hashicorp.com)... 99.86.229.95, 99.86.229.2, 99.86.229.53, ...
Connecting to releases.hashicorp.com (releases.hashicorp.com)|99.86.229.95|:443... connected.
HTTP request sent, awaiting response... 200 OK
Length: 25939359 (25M) [application/zip]
Saving to: 'terraform_1.7.1_linux_amd64.zip'

     0K .......... .......... .......... .......... ..........  0% 78.1M 0s
    50K .......... .......... .......... .......... ..........  0%  110M 0s
   100K .......... .......... .......... .......... ..........  0%  179M 0s
   150K .......... .......... .......... .......... ..........  0%  203M 0s
   200K .......... .......... .......... .......... ..........  0%  219M 0s
   250K .......... .......... .......... .......... ..........  1%  206M 0s
   300K .......... .......... .......... .......... ..........  1%  313M 0s
   350K .......... .......... .......... .......... ..........  1%  259M 0s
   400K .......... .......... .......... .......... ..........  1%  273M 0s
   450K .......... .......... .......... .......... ..........  1%  287M 0s
   500K .......... .......... .......... .......... ..........  2%  273M 0s
   550K .......... .......... .......... .......... ..........  2%  244M 0s
   600K .......... .......... .......... .......... ..........  2%  308M 0s
   650K .......... .......... .......... .......... ..........  2%  252M 0s
   700K .......... .......... .......... .......... ..........  2%  294M 0s
   750K .......... .......... .......... .......... ..........  3%  258M 0s
   800K .......... .......... .......... .......... ..........  3%  301M 0s
   850K .......... .......... .......... .......... ..........  3%  284M 0s
   900K .......... .......... .......... .......... ..........  3%  227M 0s
   950K .......... .......... .......... .......... ..........  3%  241M 0s
  1000K .......... .......... .......... .......... ..........  4%  267M 0s
  1050K .......... .......... .......... .......... ..........  4%  266M 0s
  1100K .......... .......... .......... .......... ..........  4%  273M 0s
  1150K .......... .......... .......... .......... ..........  4%  221M 0s
  1200K .......... .......... .......... .......... ..........  4%  348M 0s
  1250K .......... .......... .......... .......... ..........  5%  350M 0s
  1300K .......... .......... .......... .......... ..........  5%  252M 0s
  1350K .......... .......... .......... .......... ..........  5%  237M 0s
  1400K .......... .......... .......... .......... ..........  5%  273M 0s
  1450K .......... .......... .......... .......... ..........  5%  255M 0s
  1500K .......... .......... .......... .......... ..........  6%  264M 0s
  1550K .......... .......... .......... .......... ..........  6%  274M 0s
  1600K .......... .......... .......... .......... ..........  6%  285M 0s
  1650K .......... .......... .......... .......... ..........  6%  246M 0s
  1700K .......... .......... .......... .......... ..........  6%  263M 0s
  1750K .......... .......... .......... .......... ..........  7%  244M 0s
  1800K .......... .......... .......... .......... ..........  7%  260M 0s
  1850K .......... .......... .......... .......... ..........  7%  391M 0s
  1900K .......... .......... .......... .......... ..........  7%  414M 0s
  1950K .......... .......... .......... .......... ..........  7%  327M 0s
  2000K .......... .......... .......... .......... ..........  8%  228M 0s
  2050K .......... .......... .......... .......... ..........  8%  226M 0s
  2100K .......... .......... .......... .......... ..........  8%  247M 0s
  2150K .......... .......... .......... .......... ..........  8%  228M 0s
  2200K .......... .......... .......... .......... ..........  8%  270M 0s
  2250K .......... .......... .......... .......... ..........  9%  286M 0s
  2300K .......... .......... .......... .......... ..........  9%  269M 0s
  2350K .......... .......... .......... .......... ..........  9%  205M 0s
  2400K .......... .......... .......... .......... ..........  9%  256M 0s
  2450K .......... .......... .......... .......... ..........  9%  265M 0s
  2500K .......... .......... .......... .......... .......... 10%  255M 0s
  2550K .......... .......... .......... .......... .......... 10%  252M 0s
  2600K .......... .......... .......... .......... .......... 10%  267M 0s
  2650K .......... .......... .......... .......... .......... 10%  271M 0s
  2700K .......... .......... .......... .......... .......... 10%  315M 0s
  2750K .......... .......... .......... .......... .......... 11%  252M 0s
  2800K .......... .......... .......... .......... .......... 11%  295M 0s
  2850K .......... .......... .......... .......... .......... 11%  375M 0s
  2900K .......... .......... .......... .......... .......... 11%  297M 0s
  2950K .......... .......... .......... .......... .......... 11%  282M 0s
  3000K .......... .......... .......... .......... .......... 12%  276M 0s
  3050K .......... .......... .......... .......... .......... 12%  328M 0s
  3100K .......... .......... .......... .......... .......... 12%  251M 0s
  3150K .......... .......... .......... .......... .......... 12%  235M 0s
  3200K .......... .......... .......... .......... .......... 12%  310M 0s
  3250K .......... .......... .......... .......... .......... 13%  308M 0s
  3300K .......... .......... .......... .......... .......... 13%  283M 0s
  3350K .......... .......... .......... .......... .......... 13%  261M 0s
  3400K .......... .......... .......... .......... .......... 13%  265M 0s
  3450K .......... .......... .......... .......... .......... 13%  275M 0s
  3500K .......... .......... .......... .......... .......... 14%  291M 0s
  3550K .......... .......... .......... .......... .......... 14%  241M 0s
  3600K .......... .......... .......... .......... .......... 14%  260M 0s
  3650K .......... .......... .......... .......... .......... 14%  355M 0s
  3700K .......... .......... .......... .......... .......... 14%  287M 0s
  3750K .......... .......... .......... .......... .......... 15%  248M 0s
  3800K .......... .......... .......... .......... .......... 15%  267M 0s
  3850K .......... .......... .......... .......... .......... 15%  338M 0s
  3900K .......... .......... .......... .......... .......... 15%  314M 0s
  3950K .......... .......... .......... .......... .......... 15%  236M 0s
  4000K .......... .......... .......... .......... .......... 15%  284M 0s
  4050K .......... .......... .......... .......... .......... 16%  387M 0s
  4100K .......... .......... .......... .......... .......... 16%  302M 0s
  4150K .......... .......... .......... .......... .......... 16%  250M 0s
  4200K .......... .......... .......... .......... .......... 16%  279M 0s
  4250K .......... .......... .......... .......... .......... 16%  281M 0s
  4300K .......... .......... .......... .......... .......... 17%  258M 0s
  4350K .......... .......... .......... .......... .......... 17%  219M 0s
  4400K .......... .......... .......... .......... .......... 17%  358M 0s
  4450K .......... .......... .......... .......... .......... 17%  374M 0s
  4500K .......... .......... .......... .......... .......... 17%  253M 0s
  4550K .......... .......... .......... .......... .......... 18%  247M 0s
  4600K .......... .......... .......... .......... .......... 18%  366M 0s
  4650K .......... .......... .......... .......... .......... 18%  404M 0s
  4700K .......... .......... .......... .......... .......... 18%  296M 0s
  4750K .......... .......... .......... .......... .......... 18%  251M 0s
  4800K .......... .......... .......... .......... .......... 19%  289M 0s
  4850K .......... .......... .......... .......... .......... 19%  394M 0s
  4900K .......... .......... .......... .......... .......... 19%  292M 0s
  4950K .......... .......... .......... .......... .......... 19%  287M 0s
  5000K .......... .......... .......... .......... .......... 19%  280M 0s
  5050K .......... .......... .......... .......... .......... 20%  311M 0s
  5100K .......... .......... .......... .......... .......... 20%  270M 0s
  5150K .......... .......... .......... .......... .......... 20%  241M 0s
  5200K .......... .......... .......... .......... .......... 20%  264M 0s
  5250K .......... .......... .......... .......... .......... 20%  284M 0s
  5300K .......... .......... .......... .......... .......... 21%  298M 0s
  5350K .......... .......... .......... .......... .......... 21%  222M 0s
  5400K .......... .......... .......... .......... .......... 21%  323M 0s
  5450K .......... .......... .......... .......... .......... 21%  257M 0s
  5500K .......... .......... .......... .......... .......... 21%  317M 0s
  5550K .......... .......... .......... .......... .......... 22%  208M 0s
  5600K .......... .......... .......... .......... .......... 22%  387M 0s
  5650K .......... .......... .......... .......... .......... 22%  289M 0s
  5700K .......... .......... .......... .......... .......... 22%  311M 0s
  5750K .......... .......... .......... .......... .......... 22%  258M 0s
  5800K .......... .......... .......... .......... .......... 23%  341M 0s
  5850K .......... .......... .......... .......... .......... 23%  277M 0s
  5900K .......... .......... .......... .......... .......... 23%  289M 0s
  5950K .......... .......... .......... .......... .......... 23%  268M 0s
  6000K .......... .......... .......... .......... .......... 23%  288M 0s
  6050K .......... .......... .......... .......... .......... 24%  373M 0s
  6100K .......... .......... .......... .......... .......... 24%  267M 0s
  6150K .......... .......... .......... .......... .......... 24%  253M 0s
  6200K .......... .......... .......... .......... .......... 24%  300M 0s
  6250K .......... .......... .......... .......... .......... 24%  302M 0s
  6300K .......... .......... .......... .......... .......... 25%  276M 0s
  6350K .......... .......... .......... .......... .......... 25%  216M 0s
  6400K .......... .......... .......... .......... .......... 25%  320M 0s
  6450K .......... .......... .......... .......... .......... 25%  270M 0s
  6500K .......... .......... .......... .......... .......... 25%  283M 0s
  6550K .......... .......... .......... .......... .......... 26%  250M 0s
  6600K .......... .......... .......... .......... .......... 26%  245M 0s
  6650K .......... .......... .......... .......... .......... 26%  269M 0s
  6700K .......... .......... .......... .......... .......... 26%  351M 0s
  6750K .......... .......... .......... .......... .......... 26%  239M 0s
  6800K .......... .......... .......... .......... .......... 27%  265M 0s
  6850K .......... .......... .......... .......... .......... 27%  297M 0s
  6900K .......... .......... .......... .......... .......... 27%  328M 0s
  6950K .......... .......... .......... .......... .......... 27%  248M 0s
  7000K .......... .......... .......... .......... .......... 27%  286M 0s
  7050K .......... .......... .......... .......... .......... 28%  369M 0s
  7100K .......... .......... .......... .......... .......... 28%  299M 0s
  7150K .......... .......... .......... .......... .......... 28%  259M 0s
  7200K .......... .......... .......... .......... .......... 28%  273M 0s
  7250K .......... .......... .......... .......... .......... 28%  300M 0s
  7300K .......... .......... .......... .......... .......... 29%  309M 0s
  7350K .......... .......... .......... .......... .......... 29%  326M 0s
  7400K .......... .......... .......... .......... .......... 29%  253M 0s
  7450K .......... .......... .......... .......... .......... 29%  285M 0s
  7500K .......... .......... .......... .......... .......... 29%  289M 0s
  7550K .......... .......... .......... .......... .......... 30%  253M 0s
  7600K .......... .......... .......... .......... .......... 30%  294M 0s
  7650K .......... .......... .......... .......... .......... 30%  290M 0s
  7700K .......... .......... .......... .......... .......... 30%  290M 0s
  7750K .......... .......... .......... .......... .......... 30%  269M 0s
  7800K .......... .......... .......... .......... .......... 30%  272M 0s
  7850K .......... .......... .......... .......... .......... 31%  311M 0s
  7900K .......... .......... .......... .......... .......... 31%  274M 0s
  7950K .......... .......... .......... .......... .......... 31%  248M 0s
  8000K .......... .......... .......... .......... .......... 31%  273M 0s
  8050K .......... .......... .......... .......... .......... 31%  269M 0s
  8100K .......... .......... .......... .......... .......... 32%  321M 0s
  8150K .......... .......... .......... .......... .......... 32%  226M 0s
  8200K .......... .......... .......... .......... .......... 32%  306M 0s
  8250K .......... .......... .......... .......... .......... 32%  310M 0s
  8300K .......... .......... .......... .......... .......... 32%  329M 0s
  8350K .......... .......... .......... .......... .......... 33%  260M 0s
  8400K .......... .......... .......... .......... .......... 33%  264M 0s
  8450K .......... .......... .......... .......... .......... 33%  280M 0s
  8500K .......... .......... .......... .......... .......... 33%  275M 0s
  8550K .......... .......... .......... .......... .......... 33%  272M 0s
  8600K .......... .......... .......... .......... .......... 34%  341M 0s
  8650K .......... .......... .......... .......... .......... 34%  284M 0s
  8700K .......... .......... .......... .......... .......... 34%  292M 0s
  8750K .......... .......... .......... .......... .......... 34%  291M 0s
  8800K .......... .......... .......... .......... .......... 34%  314M 0s
  8850K .......... .......... .......... .......... .......... 35%  271M 0s
  8900K .......... .......... .......... .......... .......... 35%  252M 0s
  8950K .......... .......... .......... .......... .......... 35%  234M 0s
  9000K .......... .......... .......... .......... .......... 35%  276M 0s
  9050K .......... .......... .......... .......... .......... 35%  375M 0s
  9100K .......... .......... .......... .......... .......... 36%  269M 0s
  9150K .......... .......... .......... .......... .......... 36%  225M 0s
  9200K .......... .......... .......... .......... .......... 36%  288M 0s
  9250K .......... .......... .......... .......... .......... 36%  306M 0s
  9300K .......... .......... .......... .......... .......... 36%  286M 0s
  9350K .......... .......... .......... .......... .......... 37%  249M 0s
  9400K .......... .......... .......... .......... .......... 37%  301M 0s
  9450K .......... .......... .......... .......... .......... 37%  294M 0s
  9500K .......... .......... .......... .......... .......... 37%  312M 0s
  9550K .......... .......... .......... .......... .......... 37%  221M 0s
  9600K .......... .......... .......... .......... .......... 38%  340M 0s
  9650K .......... .......... .......... .......... .......... 38%  288M 0s
  9700K .......... .......... .......... .......... .......... 38%  267M 0s
  9750K .......... .......... .......... .......... .......... 38%  249M 0s
  9800K .......... .......... .......... .......... .......... 38%  342M 0s
  9850K .......... .......... .......... .......... .......... 39%  276M 0s
  9900K .......... .......... .......... .......... .......... 39%  248M 0s
  9950K .......... .......... .......... .......... .......... 39%  246M 0s
 10000K .......... .......... .......... .......... .......... 39%  310M 0s
 10050K .......... .......... .......... .......... .......... 39%  286M 0s
 10100K .......... .......... .......... .......... .......... 40%  265M 0s
 10150K .......... .......... .......... .......... .......... 40%  318M 0s
 10200K .......... .......... .......... .......... .......... 40%  290M 0s
 10250K .......... .......... .......... .......... .......... 40%  339M 0s
 10300K .......... .......... .......... .......... .......... 40%  259M 0s
 10350K .......... .......... .......... .......... .......... 41%  240M 0s
 10400K .......... .......... .......... .......... .......... 41%  305M 0s
 10450K .......... .......... .......... .......... .......... 41%  319M 0s
 10500K .......... .......... .......... .......... .......... 41%  272M 0s
 10550K .......... .......... .......... .......... .......... 41%  297M 0s
 10600K .......... .......... .......... .......... .......... 42%  306M 0s
 10650K .......... .......... .......... .......... .......... 42%  283M 0s
 10700K .......... .......... .......... .......... .......... 42%  324M 0s
 10750K .......... .......... .......... .......... .......... 42%  236M 0s
 10800K .......... .......... .......... .......... .......... 42%  325M 0s
 10850K .......... .......... .......... .......... .......... 43%  273M 0s
 10900K .......... .......... .......... .......... .......... 43%  313M 0s
 10950K .......... .......... .......... .......... .......... 43%  254M 0s
 11000K .......... .......... .......... .......... .......... 43%  274M 0s
 11050K .......... .......... .......... .......... .......... 43%  323M 0s
 11100K .......... .......... .......... .......... .......... 44%  298M 0s
 11150K .......... .......... .......... .......... .......... 44%  244M 0s
 11200K .......... .......... .......... .......... .......... 44%  240M 0s
 11250K .......... .......... .......... .......... .......... 44%  275M 0s
 11300K .......... .......... .......... .......... .......... 44%  304M 0s
 11350K .......... .......... .......... .......... .......... 45%  282M 0s
 11400K .......... .......... .......... .......... .......... 45%  293M 0s
 11450K .......... .......... .......... .......... .......... 45%  300M 0s
 11500K .......... .......... .......... .......... .......... 45%  251M 0s
 11550K .......... .......... .......... .......... .......... 45%  266M 0s
 11600K .......... .......... .......... .......... .......... 45%  333M 0s
 11650K .......... .......... .......... .......... .......... 46%  295M 0s
 11700K .......... .......... .......... .......... .......... 46%  269M 0s
 11750K .......... .......... .......... .......... .......... 46%  282M 0s
 11800K .......... .......... .......... .......... .......... 46%  335M 0s
 11850K .......... .......... .......... .......... .......... 46%  297M 0s
 11900K .......... .......... .......... .......... .......... 47%  277M 0s
 11950K .......... .......... .......... .......... .......... 47%  238M 0s
 12000K .......... .......... .......... .......... .......... 47%  394M 0s
 12050K .......... .......... .......... .......... .......... 47%  286M 0s
 12100K .......... .......... .......... .......... .......... 47%  285M 0s
 12150K .......... .......... .......... .......... .......... 48%  259M 0s
 12200K .......... .......... .......... .......... .......... 48%  358M 0s
 12250K .......... .......... .......... .......... .......... 48%  277M 0s
 12300K .......... .......... .......... .......... .......... 48%  277M 0s
 12350K .......... .......... .......... .......... .......... 48%  238M 0s
 12400K .......... .......... .......... .......... .......... 49%  388M 0s
 12450K .......... .......... .......... .......... .......... 49%  292M 0s
 12500K .......... .......... .......... .......... .......... 49%  289M 0s
 12550K .......... .......... .......... .......... .......... 49%  284M 0s
 12600K .......... .......... .......... .......... .......... 49%  410M 0s
 12650K .......... .......... .......... .......... .......... 50%  249M 0s
 12700K .......... .......... .......... .......... .......... 50%  254M 0s
 12750K .......... .......... .......... .......... .......... 50%  300M 0s
 12800K .......... .......... .......... .......... .......... 50%  391M 0s
 12850K .......... .......... .......... .......... .......... 50%  292M 0s
 12900K .......... .......... .......... .......... .......... 51%  275M 0s
 12950K .......... .......... .......... .......... .......... 51%  254M 0s
 13000K .......... .......... .......... .......... .......... 51%  392M 0s
 13050K .......... .......... .......... .......... .......... 51%  275M 0s
 13100K .......... .......... .......... .......... .......... 51%  302M 0s
 13150K .......... .......... .......... .......... .......... 52%  235M 0s
 13200K .......... .......... .......... .......... .......... 52%  401M 0s
 13250K .......... .......... .......... .......... .......... 52%  280M 0s
 13300K .......... .......... .......... .......... .......... 52%  285M 0s
 13350K .......... .......... .......... .......... .......... 52%  271M 0s
 13400K .......... .......... .......... .......... .......... 53%  376M 0s
 13450K .......... .......... .......... .......... .......... 53%  326M 0s
 13500K .......... .......... .......... .......... .......... 53%  303M 0s
 13550K .......... .......... .......... .......... .......... 53%  257M 0s
 13600K .......... .......... .......... .......... .......... 53%  342M 0s
 13650K .......... .......... .......... .......... .......... 54%  307M 0s
 13700K .......... .......... .......... .......... .......... 54%  264M 0s
 13750K .......... .......... .......... .......... .......... 54%  285M 0s
 13800K .......... .......... .......... .......... .......... 54%  404M 0s
 13850K .......... .......... .......... .......... .......... 54%  384M 0s
 13900K .......... .......... .......... .......... .......... 55%  257M 0s
 13950K .......... .......... .......... .......... .......... 55%  232M 0s
 14000K .......... .......... .......... .......... .......... 55%  300M 0s
 14050K .......... .......... .......... .......... .......... 55%  369M 0s
 14100K .......... .......... .......... .......... .......... 55%  264M 0s
 14150K .......... .......... .......... .......... .......... 56%  254M 0s
 14200K .......... .......... .......... .......... .......... 56%  324M 0s
 14250K .......... .......... .......... .......... .......... 56%  370M 0s
 14300K .......... .......... .......... .......... .......... 56%  286M 0s
 14350K .......... .......... .......... .......... .......... 56%  229M 0s
 14400K .......... .......... .......... .......... .......... 57%  301M 0s
 14450K .......... .......... .......... .......... .......... 57%  316M 0s
 14500K .......... .......... .......... .......... .......... 57%  274M 0s
 14550K .......... .......... .......... .......... .......... 57%  268M 0s
 14600K .......... .......... .......... .......... .......... 57%  268M 0s
 14650K .......... .......... .......... .......... .......... 58%  285M 0s
 14700K .......... .......... .......... .......... .......... 58%  248M 0s
 14750K .......... .......... .......... .......... .......... 58%  228M 0s
 14800K .......... .......... .......... .......... .......... 58%  307M 0s
 14850K .......... .......... .......... .......... .......... 58%  300M 0s
 14900K .......... .......... .......... .......... .......... 59%  272M 0s
 14950K .......... .......... .......... .......... .......... 59%  258M 0s
 15000K .......... .......... .......... .......... .......... 59%  339M 0s
 15050K .......... .......... .......... .......... .......... 59%  274M 0s
 15100K .......... .......... .......... .......... .......... 59%  279M 0s
 15150K .......... .......... .......... .......... .......... 60%  233M 0s
 15200K .......... .......... .......... .......... .......... 60%  275M 0s
 15250K .......... .......... .......... .......... .......... 60%  398M 0s
 15300K .......... .......... .......... .......... .......... 60%  308M 0s
 15350K .......... .......... .......... .......... .......... 60%  262M 0s
 15400K .......... .......... .......... .......... .......... 60%  274M 0s
 15450K .......... .......... .......... .......... .......... 61%  326M 0s
 15500K .......... .......... .......... .......... .......... 61%  280M 0s
 15550K .......... .......... .......... .......... .......... 61%  243M 0s
 15600K .......... .......... .......... .......... .......... 61%  356M 0s
 15650K .......... .......... .......... .......... .......... 61%  281M 0s
 15700K .......... .......... .......... .......... .......... 62%  343M 0s
 15750K .......... .......... .......... .......... .......... 62%  250M 0s
 15800K .......... .......... .......... .......... .......... 62%  357M 0s
 15850K .......... .......... .......... .......... .......... 62%  277M 0s
 15900K .......... .......... .......... .......... .......... 62%  283M 0s
 15950K .......... .......... .......... .......... .......... 63%  262M 0s
 16000K .......... .......... .......... .......... .......... 63%  258M 0s
 16050K .......... .......... .......... .......... .......... 63%  277M 0s
 16100K .......... .......... .......... .......... .......... 63%  266M 0s
 16150K .......... .......... .......... .......... .......... 63%  292M 0s
 16200K .......... .......... .......... .......... .......... 64%  275M 0s
 16250K .......... .......... .......... .......... .......... 64%  316M 0s
 16300K .......... .......... .......... .......... .......... 64%  270M 0s
 16350K .......... .......... .......... .......... .......... 64%  263M 0s
 16400K .......... .......... .......... .......... .......... 64%  297M 0s
 16450K .......... .......... .......... .......... .......... 65%  350M 0s
 16500K .......... .......... .......... .......... .......... 65%  288M 0s
 16550K .......... .......... .......... .......... .......... 65%  251M 0s
 16600K .......... .......... .......... .......... .......... 65%  383M 0s
 16650K .......... .......... .......... .......... .......... 65%  417M 0s
 16700K .......... .......... .......... .......... .......... 66%  355M 0s
 16750K .......... .......... .......... .......... .......... 66%  236M 0s
 16800K .......... .......... .......... .......... .......... 66%  259M 0s
 16850K .......... .......... .......... .......... .......... 66%  304M 0s
 16900K .......... .......... .......... .......... .......... 66%  353M 0s
 16950K .......... .......... .......... .......... .......... 67%  249M 0s
 17000K .......... .......... .......... .......... .......... 67%  248M 0s
 17050K .......... .......... .......... .......... .......... 67%  282M 0s
 17100K .......... .......... .......... .......... .......... 67%  393M 0s
 17150K .......... .......... .......... .......... .......... 67%  217M 0s
 17200K .......... .......... .......... .......... .......... 68%  283M 0s
 17250K .......... .......... .......... .......... .......... 68%  303M 0s
 17300K .......... .......... .......... .......... .......... 68%  417M 0s
 17350K .......... .......... .......... .......... .......... 68%  248M 0s
 17400K .......... .......... .......... .......... .......... 68%  258M 0s
 17450K .......... .......... .......... .......... .......... 69%  312M 0s
 17500K .......... .......... .......... .......... .......... 69%  399M 0s
 17550K .......... .......... .......... .......... .......... 69%  261M 0s
 17600K .......... .......... .......... .......... .......... 69%  296M 0s
 17650K .......... .......... .......... .......... .......... 69%  260M 0s
 17700K .......... .......... .......... .......... .......... 70%  319M 0s
 17750K .......... .......... .......... .......... .......... 70%  347M 0s
 17800K .......... .......... .......... .......... .......... 70%  282M 0s
 17850K .......... .......... .......... .......... .......... 70%  278M 0s
 17900K .......... .......... .......... .......... .......... 70%  287M 0s
 17950K .......... .......... .......... .......... .......... 71%  275M 0s
 18000K .......... .......... .......... .......... .......... 71%  266M 0s
 18050K .......... .......... .......... .......... .......... 71%  265M 0s
 18100K .......... .......... .......... .......... .......... 71%  313M 0s
 18150K .......... .......... .......... .......... .......... 71%  303M 0s
 18200K .......... .......... .......... .......... .......... 72%  299M 0s
 18250K .......... .......... .......... .......... .......... 72%  321M 0s
 18300K .......... .......... .......... .......... .......... 72%  313M 0s
 18350K .......... .......... .......... .......... .......... 72%  284M 0s
 18400K .......... .......... .......... .......... .......... 72%  305M 0s
 18450K .......... .......... .......... .......... .......... 73%  283M 0s
 18500K .......... .......... .......... .......... .......... 73%  297M 0s
 18550K .......... .......... .......... .......... .......... 73%  328M 0s
 18600K .......... .......... .......... .......... .......... 73%  276M 0s
 18650K .......... .......... .......... .......... .......... 73%  264M 0s
 18700K .......... .......... .......... .......... .......... 74%  277M 0s
 18750K .......... .......... .......... .......... .......... 74%  251M 0s
 18800K .......... .......... .......... .......... .......... 74%  282M 0s
 18850K .......... .......... .......... .......... .......... 74%  285M 0s
 18900K .......... .......... .......... .......... .......... 74%  303M 0s
 18950K .......... .......... .......... .......... .......... 75%  302M 0s
 19000K .......... .......... .......... .......... .......... 75%  288M 0s
 19050K .......... .......... .......... .......... .......... 75%  269M 0s
 19100K .......... .......... .......... .......... .......... 75%  290M 0s
 19150K .......... .......... .......... .......... .......... 75%  219M 0s
 19200K .......... .......... .......... .......... .......... 75%  316M 0s
 19250K .......... .......... .......... .......... .......... 76%  332M 0s
 19300K .......... .......... .......... .......... .......... 76%  341M 0s
 19350K .......... .......... .......... .......... .......... 76%  279M 0s
 19400K .......... .......... .......... .......... .......... 76%  274M 0s
 19450K .......... .......... .......... .......... .......... 76%  328M 0s
 19500K .......... .......... .......... .......... .......... 77%  261M 0s
 19550K .......... .......... .......... .......... .......... 77%  225M 0s
 19600K .......... .......... .......... .......... .......... 77%  322M 0s
 19650K .......... .......... .......... .......... .......... 77%  299M 0s
 19700K .......... .......... .......... .......... .......... 77%  343M 0s
 19750K .......... .......... .......... .......... .......... 78%  374M 0s
 19800K .......... .......... .......... .......... .......... 78%  370M 0s
 19850K .......... .......... .......... .......... .......... 78%  386M 0s
 19900K .......... .......... .......... .......... .......... 78%  404M 0s
 19950K .......... .......... .......... .......... .......... 78%  353M 0s
 20000K .......... .......... .......... .......... .......... 79%  379M 0s
 20050K .......... .......... .......... .......... .......... 79%  401M 0s
 20100K .......... .......... .......... .......... .......... 79%  426M 0s
 20150K .......... .......... .......... .......... .......... 79%  377M 0s
 20200K .......... .......... .......... .......... .......... 79%  423M 0s
 20250K .......... .......... .......... .......... .......... 80%  414M 0s
 20300K .......... .......... .......... .......... .......... 80%  401M 0s
 20350K .......... .......... .......... .......... .......... 80%  338M 0s
 20400K .......... .......... .......... .......... .......... 80%  295M 0s
 20450K .......... .......... .......... .......... .......... 80%  261M 0s
 20500K .......... .......... .......... .......... .......... 81%  304M 0s
 20550K .......... .......... .......... .......... .......... 81%  242M 0s
 20600K .......... .......... .......... .......... .......... 81%  291M 0s
 20650K .......... .......... .......... .......... .......... 81%  270M 0s
 20700K .......... .......... .......... .......... .......... 81%  281M 0s
 20750K .......... .......... .......... .......... .......... 82%  232M 0s
 20800K .......... .......... .......... .......... .......... 82%  238M 0s
 20850K .......... .......... .......... .......... .......... 82%  259M 0s
 20900K .......... .......... .......... .......... .......... 82%  259M 0s
 20950K .......... .......... .......... .......... .......... 82%  345M 0s
 21000K .......... .......... .......... .......... .......... 83%  268M 0s
 21050K .......... .......... .......... .......... .......... 83%  263M 0s
 21100K .......... .......... .......... .......... .......... 83%  266M 0s
 21150K .......... .......... .......... .......... .......... 83%  227M 0s
 21200K .......... .......... .......... .......... .......... 83%  242M 0s
 21250K .......... .......... .......... .......... .......... 84%  252M 0s
 21300K .......... .......... .......... .......... .......... 84%  394M 0s
 21350K .......... .......... .......... .......... .......... 84%  355M 0s
 21400K .......... .......... .......... .......... .......... 84%  402M 0s
 21450K .......... .......... .......... .......... .......... 84%  417M 0s
 21500K .......... .......... .......... .......... .......... 85%  412M 0s
 21550K .......... .......... .......... .......... .......... 85%  326M 0s
 21600K .......... .......... .......... .......... .......... 85%  417M 0s
 21650K .......... .......... .......... .......... .......... 85%  409M 0s
 21700K .......... .......... .......... .......... .......... 85%  385M 0s
 21750K .......... .......... .......... .......... .......... 86%  360M 0s
 21800K .......... .......... .......... .......... .......... 86%  415M 0s
 21850K .......... .......... .......... .......... .......... 86%  363M 0s
 21900K .......... .......... .......... .......... .......... 86%  423M 0s
 21950K .......... .......... .......... .......... .......... 86%  350M 0s
 22000K .......... .......... .......... .......... .......... 87%  388M 0s
 22050K .......... .......... .......... .......... .......... 87%  413M 0s
 22100K .......... .......... .......... .......... .......... 87%  423M 0s
 22150K .......... .......... .......... .......... .......... 87%  380M 0s
 22200K .......... .......... .......... .......... .......... 87%  364M 0s
 22250K .......... .......... .......... .......... .......... 88%  414M 0s
 22300K .......... .......... .......... .......... .......... 88%  413M 0s
 22350K .......... .......... .......... .......... .......... 88%  331M 0s
 22400K .......... .......... .......... .......... .......... 88%  418M 0s
 22450K .......... .......... .......... .......... .......... 88%  403M 0s
 22500K .......... .......... .......... .......... .......... 89%  154M 0s
 22550K .......... .......... .......... .......... .......... 89%  243M 0s
 22600K .......... .......... .......... .......... .......... 89%  261M 0s
 22650K .......... .......... .......... .......... .......... 89%  271M 0s
 22700K .......... .......... .......... .......... .......... 89%  288M 0s
 22750K .......... .......... .......... .......... .......... 90%  257M 0s
 22800K .......... .......... .......... .......... .......... 90%  407M 0s
 22850K .......... .......... .......... .......... .......... 90%  292M 0s
 22900K .......... .......... .......... .......... .......... 90%  284M 0s
 22950K .......... .......... .......... .......... .......... 90%  253M 0s
 23000K .......... .......... .......... .......... .......... 90%  277M 0s
 23050K .......... .......... .......... .......... .......... 91%  283M 0s
 23100K .......... .......... .......... .......... .......... 91%  282M 0s
 23150K .......... .......... .......... .......... .......... 91%  219M 0s
 23200K .......... .......... .......... .......... .......... 91%  383M 0s
 23250K .......... .......... .......... .......... .......... 91%  365M 0s
 23300K .......... .......... .......... .......... .......... 92%  404M 0s
 23350K .......... .......... .......... .......... .......... 92%  373M 0s
 23400K .......... .......... .......... .......... .......... 92%  356M 0s
 23450K .......... .......... .......... .......... .......... 92%  396M 0s
 23500K .......... .......... .......... .......... .......... 92%  413M 0s
 23550K .......... .......... .......... .......... .......... 93% 63.6M 0s
 23600K .......... .......... .......... .......... .......... 93%  272M 0s
 23650K .......... .......... .......... .......... .......... 93%  282M 0s
 23700K .......... .......... .......... .......... .......... 93%  268M 0s
 23750K .......... .......... .......... .......... .......... 93%  261M 0s
 23800K .......... .......... .......... .......... .......... 94%  300M 0s
 23850K .......... .......... .......... .......... .......... 94%  308M 0s
 23900K .......... .......... .......... .......... .......... 94%  274M 0s
 23950K .......... .......... .......... .......... .......... 94%  236M 0s
 24000K .......... .......... .......... .......... .......... 94%  271M 0s
 24050K .......... .......... .......... .......... .......... 95%  260M 0s
 24100K .......... .......... .......... .......... .......... 95%  344M 0s
 24150K .......... .......... .......... .......... .......... 95%  334M 0s
 24200K .......... .......... .......... .......... .......... 95%  401M 0s
 24250K .......... .......... .......... .......... .......... 95%  403M 0s
 24300K .......... .......... .......... .......... .......... 96%  415M 0s
 24350K .......... .......... .......... .......... .......... 96%  324M 0s
 24400K .......... .......... .......... .......... .......... 96%  394M 0s
 24450K .......... .......... .......... .......... .......... 96%  405M 0s
 24500K .......... .......... .......... .......... .......... 96%  356M 0s
 24550K .......... .......... .......... .......... .......... 97%  201M 0s
 24600K .......... .......... .......... .......... .......... 97%  259M 0s
 24650K .......... .......... .......... .......... .......... 97%  286M 0s
 24700K .......... .......... .......... .......... .......... 97%  289M 0s
 24750K .......... .......... .......... .......... .......... 97%  223M 0s
 24800K .......... .......... .......... .......... .......... 98%  274M 0s
 24850K .......... .......... .......... .......... .......... 98%  296M 0s
 24900K .......... .......... .......... .......... .......... 98%  283M 0s
 24950K .......... .......... .......... .......... .......... 98%  259M 0s
 25000K .......... .......... .......... .......... .......... 98%  399M 0s
 25050K .......... .......... .......... .......... .......... 99%  422M 0s
 25100K .......... .......... .......... .......... .......... 99%  417M 0s
 25150K .......... .......... .......... .......... .......... 99%  335M 0s
 25200K .......... .......... .......... .......... .......... 99%  416M 0s
 25250K .......... .......... .......... .......... .......... 99%  429M 0s
 25300K .......... .......... .......... .                    100%  384M=0.09s

2024-01-30 05:44:39 (285 MB/s) - 'terraform_1.7.1_linux_amd64.zip' saved [25939359/25939359]


[Container] 2024/01/30 05:44:39.370367 Running command unzip terraform_"$TERRAFORM_VERSION"_linux_amd64.zip
Archive:  terraform_1.7.1_linux_amd64.zip
  inflating: terraform               

[Container] 2024/01/30 05:44:40.093503 Running command mv terraform /usr/local/bin/

[Container] 2024/01/30 05:44:40.149905 Phase complete: INSTALL State: SUCCEEDED
[Container] 2024/01/30 05:44:40.149926 Phase context status code:  Message: 
[Container] 2024/01/30 05:44:40.178962 Entering phase PRE_BUILD
[Container] 2024/01/30 05:44:40.179536 Running command echo terraform execution started on `date`
terraform execution started on Tue Jan 30 05:44:40 UTC 2024

[Container] 2024/01/30 05:44:40.189718 Phase complete: PRE_BUILD State: SUCCEEDED
[Container] 2024/01/30 05:44:40.189744 Phase context status code:  Message: 
[Container] 2024/01/30 05:44:40.216255 Entering phase BUILD
[Container] 2024/01/30 05:44:40.216961 Running command cd "$CODEBUILD_SRC_DIR/terraform-manifests"

[Container] 2024/01/30 05:44:40.225663 Running command ls -lrt "$CODEBUILD_SRC_DIR/terraform-manifests"
total 100
-rw-r--r-- 1 root root  438 Jan 30 05:43 vpc.auto.tfvars
-rw-r--r-- 1 root root   96 Jan 30 05:43 terraform.tfvars
-rw-r--r-- 1 root root  227 Jan 30 05:43 eks.auto.tfvars
-rw-r--r-- 1 root root   65 Jan 30 05:43 ec2bastion.auto.tfvars
-rw-r--r-- 1 root root 1330 Jan 30 05:43 c5-08-eks-node-group-private.tf
-rw-r--r-- 1 root root 1315 Jan 30 05:43 c5-07-eks-node-group-public.tf
-rw-r--r-- 1 root root 1064 Jan 30 05:43 c5-06-eks-cluster.tf
-rw-r--r-- 1 root root   55 Jan 30 05:43 c5-05-securitygroups-eks.tf
-rw-r--r-- 1 root root  942 Jan 30 05:43 c5-04-iamrole-for-eks-nodegroup.tf
-rw-r--r-- 1 root root 1113 Jan 30 05:43 c5-03-iamrole-for-eks-cluster.tf
-rw-r--r-- 1 root root 2784 Jan 30 05:43 c5-02-eks-outputs.tf
-rw-r--r-- 1 root root 1282 Jan 30 05:43 c5-01-eks-variables.tf
-rw-r--r-- 1 root root 1126 Jan 30 05:43 c4-07-ec2bastion-provisioners.tf
-rw-r--r-- 1 root root  261 Jan 30 05:43 c4-06-ec2bastion-elasticip.tf
-rw-r--r-- 1 root root  676 Jan 30 05:43 c4-05-ec2bastion-instance.tf
-rw-r--r-- 1 root root  394 Jan 30 05:43 c4-04-ami-datasource.tf
-rw-r--r-- 1 root root  605 Jan 30 05:43 c4-03-ec2bastion-securitygroups.tf
-rw-r--r-- 1 root root  403 Jan 30 05:43 c4-02-ec2bastion-outputs.tf
-rw-r--r-- 1 root root  390 Jan 30 05:43 c4-01-ec2bastion-variables.tf
-rw-r--r-- 1 root root  851 Jan 30 05:43 c3-03-vpc-outputs.tf
-rw-r--r-- 1 root root 1615 Jan 30 05:43 c3-02-vpc-module.tf
-rw-r--r-- 1 root root 1715 Jan 30 05:43 c3-01-vpc-variables.tf
-rw-r--r-- 1 root root  356 Jan 30 05:43 c2-02-local-values.tf
-rw-r--r-- 1 root root  477 Jan 30 05:43 c2-01-generic-variables.tf
-rw-r--r-- 1 root root  607 Jan 30 05:43 c1-versions.tf
drwxr-xr-x 2 root root   35 Jan 30 05:44 private-key
drwxr-xr-x 2 root root   38 Jan 30 05:44 local-exec-output-files

[Container] 2024/01/30 05:44:40.233682 Running command terraform --version
Terraform v1.7.1
on linux_amd64

[Container] 2024/01/30 05:44:40.449663 Running command terraform init

Initializing the backend...

Successfully configured the backend "s3"! Terraform will automatically
use this backend unless the backend configuration changes.
Initializing modules...
Downloading registry.terraform.io/terraform-aws-modules/ec2-instance/aws 5.5.0 for ec2_public...
- ec2_public in .terraform/modules/ec2_public
Downloading registry.terraform.io/terraform-aws-modules/security-group/aws 5.1.0 for public_bastion_sg...
- public_bastion_sg in .terraform/modules/public_bastion_sg
Downloading registry.terraform.io/terraform-aws-modules/vpc/aws 5.4.0 for vpc...
- vpc in .terraform/modules/vpc

Initializing provider plugins...
- Finding hashicorp/aws versions matching ">= 3.29.0, >= 4.66.0, >= 5.0.0, >= 5.31.0"...
- Finding latest version of hashicorp/null...
- Installing hashicorp/null v3.2.2...
- Installed hashicorp/null v3.2.2 (signed by HashiCorp)
- Installing hashicorp/aws v5.34.0...
- Installed hashicorp/aws v5.34.0 (signed by HashiCorp)

Terraform has created a lock file .terraform.lock.hcl to record the provider
selections it made above. Include this file in your version control repository
so that Terraform can guarantee to make the same selections by default when
you run "terraform init" in the future.

Terraform has been successfully initialized!

You may now begin working with Terraform. Try running "terraform plan" to see
any changes that are required for your infrastructure. All Terraform commands
should now work.

If you ever set or change modules or backend configuration for Terraform,
rerun this command to reinitialize your working directory. If you forget, other
commands will detect it and remind you to do so if necessary.

[Container] 2024/01/30 05:44:47.182684 Running command terraform validate
Success! The configuration is valid.


[Container] 2024/01/30 05:44:50.745305 Running command terraform plan -out=tfplan -input=false
module.ec2_public.data.aws_partition.current: Reading...
data.aws_availability_zones.available: Reading...
data.aws_ami.amzlinux2: Reading...
module.ec2_public.data.aws_partition.current: Read complete after 0s [id=aws]
data.aws_availability_zones.available: Read complete after 0s [id=us-east-1]
data.aws_ami.amzlinux2: Read complete after 0s [id=ami-046eeba8a7f7bbefd]

Terraform used the selected providers to generate the following execution
plan. Resource actions are indicated with the following symbols:
  + create

Terraform will perform the following actions:

  # aws_eip.bastion_eip will be created
  + resource "aws_eip" "bastion_eip" {
      + allocation_id        = (known after apply)
      + association_id       = (known after apply)
      + carrier_ip           = (known after apply)
      + customer_owned_ip    = (known after apply)
      + domain               = "vpc"
      + id                   = (known after apply)
      + instance             = (known after apply)
      + network_border_group = (known after apply)
      + network_interface    = (known after apply)
      + private_dns          = (known after apply)
      + private_ip           = (known after apply)
      + public_dns           = (known after apply)
      + public_ip            = (known after apply)
      + public_ipv4_pool     = (known after apply)
      + tags                 = {
          + "environment" = "dev"
          + "owners"      = "hr"
        }
      + tags_all             = {
          + "environment" = "dev"
          + "owners"      = "hr"
        }
      + vpc                  = (known after apply)
    }

  # aws_eks_cluster.eks_cluster will be created
  + resource "aws_eks_cluster" "eks_cluster" {
      + arn                       = (known after apply)
      + certificate_authority     = (known after apply)
      + cluster_id                = (known after apply)
      + created_at                = (known after apply)
      + enabled_cluster_log_types = [
          + "api",
          + "audit",
          + "authenticator",
          + "controllerManager",
          + "scheduler",
        ]
      + endpoint                  = (known after apply)
      + id                        = (known after apply)
      + identity                  = (known after apply)
      + name                      = "hr-dev-eksdemo1"
      + platform_version          = (known after apply)
      + role_arn                  = (known after apply)
      + status                    = (known after apply)
      + tags_all                  = (known after apply)
      + version                   = "1.28"

      + kubernetes_network_config {
          + ip_family         = (known after apply)
          + service_ipv4_cidr = "172.20.0.0/16"
          + service_ipv6_cidr = (known after apply)
        }

      + vpc_config {
          + cluster_security_group_id = (known after apply)
          + endpoint_private_access   = false
          + endpoint_public_access    = true
          + public_access_cidrs       = [
              + "0.0.0.0/0",
            ]
          + subnet_ids                = (known after apply)
          + vpc_id                    = (known after apply)
        }
    }

  # aws_eks_node_group.eks_ng_public will be created
  + resource "aws_eks_node_group" "eks_ng_public" {
      + ami_type               = "AL2_x86_64"
      + arn                    = (known after apply)
      + capacity_type          = "ON_DEMAND"
      + cluster_name           = "hr-dev-eksdemo1"
      + disk_size              = 20
      + id                     = (known after apply)
      + instance_types         = [
          + "t3.medium",
        ]
      + node_group_name        = "hr-dev-eks-ng-public"
      + node_group_name_prefix = (known after apply)
      + node_role_arn          = (known after apply)
      + release_version        = (known after apply)
      + resources              = (known after apply)
      + status                 = (known after apply)
      + subnet_ids             = (known after apply)
      + tags                   = {
          + "Name" = "Public-Node-Group"
        }
      + tags_all               = {
          + "Name" = "Public-Node-Group"
        }
      + version                = (known after apply)

      + remote_access {
          + ec2_ssh_key = "eks-terraform-key"
        }

      + scaling_config {
          + desired_size = 1
          + max_size     = 2
          + min_size     = 1
        }

      + update_config {
          + max_unavailable = 1
        }
    }

  # aws_iam_role.eks_master_role will be created
  + resource "aws_iam_role" "eks_master_role" {
      + arn                   = (known after apply)
      + assume_role_policy    = jsonencode(
            {
              + Statement = [
                  + {
                      + Action    = "sts:AssumeRole"
                      + Effect    = "Allow"
                      + Principal = {
                          + Service = "eks.amazonaws.com"
                        }
                    },
                ]
              + Version   = "2012-10-17"
            }
        )
      + create_date           = (known after apply)
      + force_detach_policies = false
      + id                    = (known after apply)
      + managed_policy_arns   = (known after apply)
      + max_session_duration  = 3600
      + name                  = "hr-dev-eks-master-role"
      + name_prefix           = (known after apply)
      + path                  = "/"
      + tags_all              = (known after apply)
      + unique_id             = (known after apply)
    }

  # aws_iam_role.eks_nodegroup_role will be created
  + resource "aws_iam_role" "eks_nodegroup_role" {
      + arn                   = (known after apply)
      + assume_role_policy    = jsonencode(
            {
              + Statement = [
                  + {
                      + Action    = "sts:AssumeRole"
                      + Effect    = "Allow"
                      + Principal = {
                          + Service = "ec2.amazonaws.com"
                        }
                    },
                ]
              + Version   = "2012-10-17"
            }
        )
      + create_date           = (known after apply)
      + force_detach_policies = false
      + id                    = (known after apply)
      + managed_policy_arns   = (known after apply)
      + max_session_duration  = 3600
      + name                  = "hr-dev-eks-nodegroup-role"
      + name_prefix           = (known after apply)
      + path                  = "/"
      + tags_all              = (known after apply)
      + unique_id             = (known after apply)
    }

  # aws_iam_role_policy_attachment.eks-AmazonEC2ContainerRegistryReadOnly will be created
  + resource "aws_iam_role_policy_attachment" "eks-AmazonEC2ContainerRegistryReadOnly" {
      + id         = (known after apply)
      + policy_arn = "arn:aws:iam::aws:policy/AmazonEC2ContainerRegistryReadOnly"
      + role       = "hr-dev-eks-nodegroup-role"
    }

  # aws_iam_role_policy_attachment.eks-AmazonEKSClusterPolicy will be created
  + resource "aws_iam_role_policy_attachment" "eks-AmazonEKSClusterPolicy" {
      + id         = (known after apply)
      + policy_arn = "arn:aws:iam::aws:policy/AmazonEKSClusterPolicy"
      + role       = "hr-dev-eks-master-role"
    }

  # aws_iam_role_policy_attachment.eks-AmazonEKSVPCResourceController will be created
  + resource "aws_iam_role_policy_attachment" "eks-AmazonEKSVPCResourceController" {
      + id         = (known after apply)
      + policy_arn = "arn:aws:iam::aws:policy/AmazonEKSVPCResourceController"
      + role       = "hr-dev-eks-master-role"
    }

  # aws_iam_role_policy_attachment.eks-AmazonEKSWorkerNodePolicy will be created
  + resource "aws_iam_role_policy_attachment" "eks-AmazonEKSWorkerNodePolicy" {
      + id         = (known after apply)
      + policy_arn = "arn:aws:iam::aws:policy/AmazonEKSWorkerNodePolicy"
      + role       = "hr-dev-eks-nodegroup-role"
    }

  # aws_iam_role_policy_attachment.eks-AmazonEKS_CNI_Policy will be created
  + resource "aws_iam_role_policy_attachment" "eks-AmazonEKS_CNI_Policy" {
      + id         = (known after apply)
      + policy_arn = "arn:aws:iam::aws:policy/AmazonEKS_CNI_Policy"
      + role       = "hr-dev-eks-nodegroup-role"
    }

  # null_resource.copy_ec2_keys will be created
  + resource "null_resource" "copy_ec2_keys" {
      + id = (known after apply)
    }

  # module.ec2_public.aws_instance.this[0] will be created
  + resource "aws_instance" "this" {
      + ami                                  = "ami-046eeba8a7f7bbefd"
      + arn                                  = (known after apply)
      + associate_public_ip_address          = (known after apply)
      + availability_zone                    = (known after apply)
      + cpu_core_count                       = (known after apply)
      + cpu_threads_per_core                 = (known after apply)
      + disable_api_stop                     = (known after apply)
      + disable_api_termination              = (known after apply)
      + ebs_optimized                        = (known after apply)
      + get_password_data                    = false
      + host_id                              = (known after apply)
      + host_resource_group_arn              = (known after apply)
      + iam_instance_profile                 = (known after apply)
      + id                                   = (known after apply)
      + instance_initiated_shutdown_behavior = (known after apply)
      + instance_lifecycle                   = (known after apply)
      + instance_state                       = (known after apply)
      + instance_type                        = "t3.micro"
      + ipv6_address_count                   = (known after apply)
      + ipv6_addresses                       = (known after apply)
      + key_name                             = "eks-terraform-key"
      + monitoring                           = (known after apply)
      + outpost_arn                          = (known after apply)
      + password_data                        = (known after apply)
      + placement_group                      = (known after apply)
      + placement_partition_number           = (known after apply)
      + primary_network_interface_id         = (known after apply)
      + private_dns                          = (known after apply)
      + private_ip                           = (known after apply)
      + public_dns                           = (known after apply)
      + public_ip                            = (known after apply)
      + secondary_private_ips                = (known after apply)
      + security_groups                      = (known after apply)
      + source_dest_check                    = true
      + spot_instance_request_id             = (known after apply)
      + subnet_id                            = (known after apply)
      + tags                                 = {
          + "Name"        = "hr-dev-BastionHost"
          + "environment" = "dev"
          + "owners"      = "hr"
        }
      + tags_all                             = {
          + "Name"        = "hr-dev-BastionHost"
          + "environment" = "dev"
          + "owners"      = "hr"
        }
      + tenancy                              = (known after apply)
      + user_data                            = (known after apply)
      + user_data_base64                     = (known after apply)
      + user_data_replace_on_change          = false
      + volume_tags                          = {
          + "Name" = "hr-dev-BastionHost"
        }
      + vpc_security_group_ids               = (known after apply)

      + credit_specification {}

      + enclave_options {
          + enabled = (known after apply)
        }

      + metadata_options {
          + http_endpoint               = "enabled"
          + http_protocol_ipv6          = "disabled"
          + http_put_response_hop_limit = 1
          + http_tokens                 = "optional"
          + instance_metadata_tags      = (known after apply)
        }

      + timeouts {}
    }

  # module.public_bastion_sg.aws_security_group.this_name_prefix[0] will be created
  + resource "aws_security_group" "this_name_prefix" {
      + arn                    = (known after apply)
      + description            = "Security Group with SSH port open for everybody (IPv4 CIDR), egress ports are all world open"
      + egress                 = (known after apply)
      + id                     = (known after apply)
      + ingress                = (known after apply)
      + name                   = (known after apply)
      + name_prefix            = "hr-dev-public-bastion-sg-"
      + owner_id               = (known after apply)
      + revoke_rules_on_delete = false
      + tags                   = {
          + "Name"        = "hr-dev-public-bastion-sg"
          + "environment" = "dev"
          + "owners"      = "hr"
        }
      + tags_all               = {
          + "Name"        = "hr-dev-public-bastion-sg"
          + "environment" = "dev"
          + "owners"      = "hr"
        }
      + vpc_id                 = (known after apply)

      + timeouts {
          + create = "10m"
          + delete = "15m"
        }
    }

  # module.public_bastion_sg.aws_security_group_rule.egress_rules[0] will be created
  + resource "aws_security_group_rule" "egress_rules" {
      + cidr_blocks              = [
          + "0.0.0.0/0",
        ]
      + description              = "All protocols"
      + from_port                = -1
      + id                       = (known after apply)
      + ipv6_cidr_blocks         = [
          + "::/0",
        ]
      + prefix_list_ids          = []
      + protocol                 = "-1"
      + security_group_id        = (known after apply)
      + security_group_rule_id   = (known after apply)
      + self                     = false
      + source_security_group_id = (known after apply)
      + to_port                  = -1
      + type                     = "egress"
    }

  # module.public_bastion_sg.aws_security_group_rule.ingress_rules[0] will be created
  + resource "aws_security_group_rule" "ingress_rules" {
      + cidr_blocks              = [
          + "0.0.0.0/0",
        ]
      + description              = "SSH"
      + from_port                = 22
      + id                       = (known after apply)
      + ipv6_cidr_blocks         = []
      + prefix_list_ids          = []
      + protocol                 = "tcp"
      + security_group_id        = (known after apply)
      + security_group_rule_id   = (known after apply)
      + self                     = false
      + source_security_group_id = (known after apply)
      + to_port                  = 22
      + type                     = "ingress"
    }

  # module.vpc.aws_db_subnet_group.database[0] will be created
  + resource "aws_db_subnet_group" "database" {
      + arn                     = (known after apply)
      + description             = "Database subnet group for hr-dev-eksdemo1"
      + id                      = (known after apply)
      + name                    = "hr-dev-eksdemo1"
      + name_prefix             = (known after apply)
      + subnet_ids              = (known after apply)
      + supported_network_types = (known after apply)
      + tags                    = {
          + "Name"        = "hr-dev-eksdemo1"
          + "environment" = "dev"
          + "owners"      = "hr"
        }
      + tags_all                = {
          + "Name"        = "hr-dev-eksdemo1"
          + "environment" = "dev"
          + "owners"      = "hr"
        }
      + vpc_id                  = (known after apply)
    }

  # module.vpc.aws_default_network_acl.this[0] will be created
  + resource "aws_default_network_acl" "this" {
      + arn                    = (known after apply)
      + default_network_acl_id = (known after apply)
      + id                     = (known after apply)
      + owner_id               = (known after apply)
      + tags                   = {
          + "Name"        = "hr-dev-eksdemo1-default"
          + "environment" = "dev"
          + "owners"      = "hr"
        }
      + tags_all               = {
          + "Name"        = "hr-dev-eksdemo1-default"
          + "environment" = "dev"
          + "owners"      = "hr"
        }
      + vpc_id                 = (known after apply)

      + egress {
          + action          = "allow"
          + from_port       = 0
          + ipv6_cidr_block = "::/0"
          + protocol        = "-1"
          + rule_no         = 101
          + to_port         = 0
        }
      + egress {
          + action     = "allow"
          + cidr_block = "0.0.0.0/0"
          + from_port  = 0
          + protocol   = "-1"
          + rule_no    = 100
          + to_port    = 0
        }

      + ingress {
          + action          = "allow"
          + from_port       = 0
          + ipv6_cidr_block = "::/0"
          + protocol        = "-1"
          + rule_no         = 101
          + to_port         = 0
        }
      + ingress {
          + action     = "allow"
          + cidr_block = "0.0.0.0/0"
          + from_port  = 0
          + protocol   = "-1"
          + rule_no    = 100
          + to_port    = 0
        }
    }

  # module.vpc.aws_default_route_table.default[0] will be created
  + resource "aws_default_route_table" "default" {
      + arn                    = (known after apply)
      + default_route_table_id = (known after apply)
      + id                     = (known after apply)
      + owner_id               = (known after apply)
      + route                  = (known after apply)
      + tags                   = {
          + "Name"        = "hr-dev-eksdemo1-default"
          + "environment" = "dev"
          + "owners"      = "hr"
        }
      + tags_all               = {
          + "Name"        = "hr-dev-eksdemo1-default"
          + "environment" = "dev"
          + "owners"      = "hr"
        }
      + vpc_id                 = (known after apply)

      + timeouts {
          + create = "5m"
          + update = "5m"
        }
    }

  # module.vpc.aws_default_security_group.this[0] will be created
  + resource "aws_default_security_group" "this" {
      + arn                    = (known after apply)
      + description            = (known after apply)
      + egress                 = (known after apply)
      + id                     = (known after apply)
      + ingress                = (known after apply)
      + name                   = (known after apply)
      + name_prefix            = (known after apply)
      + owner_id               = (known after apply)
      + revoke_rules_on_delete = false
      + tags                   = {
          + "Name"        = "hr-dev-eksdemo1-default"
          + "environment" = "dev"
          + "owners"      = "hr"
        }
      + tags_all               = {
          + "Name"        = "hr-dev-eksdemo1-default"
          + "environment" = "dev"
          + "owners"      = "hr"
        }
      + vpc_id                 = (known after apply)
    }

  # module.vpc.aws_eip.nat[0] will be created
  + resource "aws_eip" "nat" {
      + allocation_id        = (known after apply)
      + association_id       = (known after apply)
      + carrier_ip           = (known after apply)
      + customer_owned_ip    = (known after apply)
      + domain               = "vpc"
      + id                   = (known after apply)
      + instance             = (known after apply)
      + network_border_group = (known after apply)
      + network_interface    = (known after apply)
      + private_dns          = (known after apply)
      + private_ip           = (known after apply)
      + public_dns           = (known after apply)
      + public_ip            = (known after apply)
      + public_ipv4_pool     = (known after apply)
      + tags                 = {
          + "Name"        = "hr-dev-eksdemo1-us-east-1a"
          + "environment" = "dev"
          + "owners"      = "hr"
        }
      + tags_all             = {
          + "Name"        = "hr-dev-eksdemo1-us-east-1a"
          + "environment" = "dev"
          + "owners"      = "hr"
        }
      + vpc                  = (known after apply)
    }

  # module.vpc.aws_internet_gateway.this[0] will be created
  + resource "aws_internet_gateway" "this" {
      + arn      = (known after apply)
      + id       = (known after apply)
      + owner_id = (known after apply)
      + tags     = {
          + "Name"        = "hr-dev-eksdemo1"
          + "environment" = "dev"
          + "owners"      = "hr"
        }
      + tags_all = {
          + "Name"        = "hr-dev-eksdemo1"
          + "environment" = "dev"
          + "owners"      = "hr"
        }
      + vpc_id   = (known after apply)
    }

  # module.vpc.aws_nat_gateway.this[0] will be created
  + resource "aws_nat_gateway" "this" {
      + allocation_id                      = (known after apply)
      + association_id                     = (known after apply)
      + connectivity_type                  = "public"
      + id                                 = (known after apply)
      + network_interface_id               = (known after apply)
      + private_ip                         = (known after apply)
      + public_ip                          = (known after apply)
      + secondary_private_ip_address_count = (known after apply)
      + secondary_private_ip_addresses     = (known after apply)
      + subnet_id                          = (known after apply)
      + tags                               = {
          + "Name"        = "hr-dev-eksdemo1-us-east-1a"
          + "environment" = "dev"
          + "owners"      = "hr"
        }
      + tags_all                           = {
          + "Name"        = "hr-dev-eksdemo1-us-east-1a"
          + "environment" = "dev"
          + "owners"      = "hr"
        }
    }

  # module.vpc.aws_route.private_nat_gateway[0] will be created
  + resource "aws_route" "private_nat_gateway" {
      + destination_cidr_block = "0.0.0.0/0"
      + id                     = (known after apply)
      + instance_id            = (known after apply)
      + instance_owner_id      = (known after apply)
      + nat_gateway_id         = (known after apply)
      + network_interface_id   = (known after apply)
      + origin                 = (known after apply)
      + route_table_id         = (known after apply)
      + state                  = (known after apply)

      + timeouts {
          + create = "5m"
        }
    }

  # module.vpc.aws_route.public_internet_gateway[0] will be created
  + resource "aws_route" "public_internet_gateway" {
      + destination_cidr_block = "0.0.0.0/0"
      + gateway_id             = (known after apply)
      + id                     = (known after apply)
      + instance_id            = (known after apply)
      + instance_owner_id      = (known after apply)
      + network_interface_id   = (known after apply)
      + origin                 = (known after apply)
      + route_table_id         = (known after apply)
      + state                  = (known after apply)

      + timeouts {
          + create = "5m"
        }
    }

  # module.vpc.aws_route_table.database[0] will be created
  + resource "aws_route_table" "database" {
      + arn              = (known after apply)
      + id               = (known after apply)
      + owner_id         = (known after apply)
      + propagating_vgws = (known after apply)
      + route            = (known after apply)
      + tags             = {
          + "Name"        = "hr-dev-eksdemo1-db"
          + "environment" = "dev"
          + "owners"      = "hr"
        }
      + tags_all         = {
          + "Name"        = "hr-dev-eksdemo1-db"
          + "environment" = "dev"
          + "owners"      = "hr"
        }
      + vpc_id           = (known after apply)
    }

  # module.vpc.aws_route_table.private[0] will be created
  + resource "aws_route_table" "private" {
      + arn              = (known after apply)
      + id               = (known after apply)
      + owner_id         = (known after apply)
      + propagating_vgws = (known after apply)
      + route            = (known after apply)
      + tags             = {
          + "Name"        = "hr-dev-eksdemo1-private"
          + "environment" = "dev"
          + "owners"      = "hr"
        }
      + tags_all         = {
          + "Name"        = "hr-dev-eksdemo1-private"
          + "environment" = "dev"
          + "owners"      = "hr"
        }
      + vpc_id           = (known after apply)
    }

  # module.vpc.aws_route_table.public[0] will be created
  + resource "aws_route_table" "public" {
      + arn              = (known after apply)
      + id               = (known after apply)
      + owner_id         = (known after apply)
      + propagating_vgws = (known after apply)
      + route            = (known after apply)
      + tags             = {
          + "Name"        = "hr-dev-eksdemo1-public"
          + "environment" = "dev"
          + "owners"      = "hr"
        }
      + tags_all         = {
          + "Name"        = "hr-dev-eksdemo1-public"
          + "environment" = "dev"
          + "owners"      = "hr"
        }
      + vpc_id           = (known after apply)
    }

  # module.vpc.aws_route_table_association.database[0] will be created
  + resource "aws_route_table_association" "database" {
      + id             = (known after apply)
      + route_table_id = (known after apply)
      + subnet_id      = (known after apply)
    }

  # module.vpc.aws_route_table_association.database[1] will be created
  + resource "aws_route_table_association" "database" {
      + id             = (known after apply)
      + route_table_id = (known after apply)
      + subnet_id      = (known after apply)
    }

  # module.vpc.aws_route_table_association.private[0] will be created
  + resource "aws_route_table_association" "private" {
      + id             = (known after apply)
      + route_table_id = (known after apply)
      + subnet_id      = (known after apply)
    }

  # module.vpc.aws_route_table_association.private[1] will be created
  + resource "aws_route_table_association" "private" {
      + id             = (known after apply)
      + route_table_id = (known after apply)
      + subnet_id      = (known after apply)
    }

  # module.vpc.aws_route_table_association.public[0] will be created
  + resource "aws_route_table_association" "public" {
      + id             = (known after apply)
      + route_table_id = (known after apply)
      + subnet_id      = (known after apply)
    }

  # module.vpc.aws_route_table_association.public[1] will be created
  + resource "aws_route_table_association" "public" {
      + id             = (known after apply)
      + route_table_id = (known after apply)
      + subnet_id      = (known after apply)
    }

  # module.vpc.aws_subnet.database[0] will be created
  + resource "aws_subnet" "database" {
      + arn                                            = (known after apply)
      + assign_ipv6_address_on_creation                = false
      + availability_zone                              = "us-east-1a"
      + availability_zone_id                           = (known after apply)
      + cidr_block                                     = "10.0.151.0/24"
      + enable_dns64                                   = false
      + enable_resource_name_dns_a_record_on_launch    = false
      + enable_resource_name_dns_aaaa_record_on_launch = false
      + id                                             = (known after apply)
      + ipv6_cidr_block_association_id                 = (known after apply)
      + ipv6_native                                    = false
      + map_public_ip_on_launch                        = false
      + owner_id                                       = (known after apply)
      + private_dns_hostname_type_on_launch            = (known after apply)
      + tags                                           = {
          + "Name"        = "hr-dev-eksdemo1-db-us-east-1a"
          + "Type"        = "database-subnets"
          + "environment" = "dev"
          + "owners"      = "hr"
        }
      + tags_all                                       = {
          + "Name"        = "hr-dev-eksdemo1-db-us-east-1a"
          + "Type"        = "database-subnets"
          + "environment" = "dev"
          + "owners"      = "hr"
        }
      + vpc_id                                         = (known after apply)
    }

  # module.vpc.aws_subnet.database[1] will be created
  + resource "aws_subnet" "database" {
      + arn                                            = (known after apply)
      + assign_ipv6_address_on_creation                = false
      + availability_zone                              = "us-east-1b"
      + availability_zone_id                           = (known after apply)
      + cidr_block                                     = "10.0.152.0/24"
      + enable_dns64                                   = false
      + enable_resource_name_dns_a_record_on_launch    = false
      + enable_resource_name_dns_aaaa_record_on_launch = false
      + id                                             = (known after apply)
      + ipv6_cidr_block_association_id                 = (known after apply)
      + ipv6_native                                    = false
      + map_public_ip_on_launch                        = false
      + owner_id                                       = (known after apply)
      + private_dns_hostname_type_on_launch            = (known after apply)
      + tags                                           = {
          + "Name"        = "hr-dev-eksdemo1-db-us-east-1b"
          + "Type"        = "database-subnets"
          + "environment" = "dev"
          + "owners"      = "hr"
        }
      + tags_all                                       = {
          + "Name"        = "hr-dev-eksdemo1-db-us-east-1b"
          + "Type"        = "database-subnets"
          + "environment" = "dev"
          + "owners"      = "hr"
        }
      + vpc_id                                         = (known after apply)
    }

  # module.vpc.aws_subnet.private[0] will be created
  + resource "aws_subnet" "private" {
      + arn                                            = (known after apply)
      + assign_ipv6_address_on_creation                = false
      + availability_zone                              = "us-east-1a"
      + availability_zone_id                           = (known after apply)
      + cidr_block                                     = "10.0.1.0/24"
      + enable_dns64                                   = false
      + enable_resource_name_dns_a_record_on_launch    = false
      + enable_resource_name_dns_aaaa_record_on_launch = false
      + id                                             = (known after apply)
      + ipv6_cidr_block_association_id                 = (known after apply)
      + ipv6_native                                    = false
      + map_public_ip_on_launch                        = false
      + owner_id                                       = (known after apply)
      + private_dns_hostname_type_on_launch            = (known after apply)
      + tags                                           = {
          + "Name"                                  = "hr-dev-eksdemo1-private-us-east-1a"
          + "Type"                                  = "private-subnets"
          + "environment"                           = "dev"
          + "kubernetes.io/cluster/hr-dev-eksdemo1" = "shared"
          + "kubernetes.io/role/internal-elb"       = "1"
          + "owners"                                = "hr"
        }
      + tags_all                                       = {
          + "Name"                                  = "hr-dev-eksdemo1-private-us-east-1a"
          + "Type"                                  = "private-subnets"
          + "environment"                           = "dev"
          + "kubernetes.io/cluster/hr-dev-eksdemo1" = "shared"
          + "kubernetes.io/role/internal-elb"       = "1"
          + "owners"                                = "hr"
        }
      + vpc_id                                         = (known after apply)
    }

  # module.vpc.aws_subnet.private[1] will be created
  + resource "aws_subnet" "private" {
      + arn                                            = (known after apply)
      + assign_ipv6_address_on_creation                = false
      + availability_zone                              = "us-east-1b"
      + availability_zone_id                           = (known after apply)
      + cidr_block                                     = "10.0.2.0/24"
      + enable_dns64                                   = false
      + enable_resource_name_dns_a_record_on_launch    = false
      + enable_resource_name_dns_aaaa_record_on_launch = false
      + id                                             = (known after apply)
      + ipv6_cidr_block_association_id                 = (known after apply)
      + ipv6_native                                    = false
      + map_public_ip_on_launch                        = false
      + owner_id                                       = (known after apply)
      + private_dns_hostname_type_on_launch            = (known after apply)
      + tags                                           = {
          + "Name"                                  = "hr-dev-eksdemo1-private-us-east-1b"
          + "Type"                                  = "private-subnets"
          + "environment"                           = "dev"
          + "kubernetes.io/cluster/hr-dev-eksdemo1" = "shared"
          + "kubernetes.io/role/internal-elb"       = "1"
          + "owners"                                = "hr"
        }
      + tags_all                                       = {
          + "Name"                                  = "hr-dev-eksdemo1-private-us-east-1b"
          + "Type"                                  = "private-subnets"
          + "environment"                           = "dev"
          + "kubernetes.io/cluster/hr-dev-eksdemo1" = "shared"
          + "kubernetes.io/role/internal-elb"       = "1"
          + "owners"                                = "hr"
        }
      + vpc_id                                         = (known after apply)
    }

  # module.vpc.aws_subnet.public[0] will be created
  + resource "aws_subnet" "public" {
      + arn                                            = (known after apply)
      + assign_ipv6_address_on_creation                = false
      + availability_zone                              = "us-east-1a"
      + availability_zone_id                           = (known after apply)
      + cidr_block                                     = "10.0.101.0/24"
      + enable_dns64                                   = false
      + enable_resource_name_dns_a_record_on_launch    = false
      + enable_resource_name_dns_aaaa_record_on_launch = false
      + id                                             = (known after apply)
      + ipv6_cidr_block_association_id                 = (known after apply)
      + ipv6_native                                    = false
      + map_public_ip_on_launch                        = true
      + owner_id                                       = (known after apply)
      + private_dns_hostname_type_on_launch            = (known after apply)
      + tags                                           = {
          + "Name"                                  = "hr-dev-eksdemo1-public-us-east-1a"
          + "Type"                                  = "Public Subnets"
          + "environment"                           = "dev"
          + "kubernetes.io/cluster/hr-dev-eksdemo1" = "shared"
          + "kubernetes.io/role/elb"                = "1"
          + "owners"                                = "hr"
        }
      + tags_all                                       = {
          + "Name"                                  = "hr-dev-eksdemo1-public-us-east-1a"
          + "Type"                                  = "Public Subnets"
          + "environment"                           = "dev"
          + "kubernetes.io/cluster/hr-dev-eksdemo1" = "shared"
          + "kubernetes.io/role/elb"                = "1"
          + "owners"                                = "hr"
        }
      + vpc_id                                         = (known after apply)
    }

  # module.vpc.aws_subnet.public[1] will be created
  + resource "aws_subnet" "public" {
      + arn                                            = (known after apply)
      + assign_ipv6_address_on_creation                = false
      + availability_zone                              = "us-east-1b"
      + availability_zone_id                           = (known after apply)
      + cidr_block                                     = "10.0.102.0/24"
      + enable_dns64                                   = false
      + enable_resource_name_dns_a_record_on_launch    = false
      + enable_resource_name_dns_aaaa_record_on_launch = false
      + id                                             = (known after apply)
      + ipv6_cidr_block_association_id                 = (known after apply)
      + ipv6_native                                    = false
      + map_public_ip_on_launch                        = true
      + owner_id                                       = (known after apply)
      + private_dns_hostname_type_on_launch            = (known after apply)
      + tags                                           = {
          + "Name"                                  = "hr-dev-eksdemo1-public-us-east-1b"
          + "Type"                                  = "Public Subnets"
          + "environment"                           = "dev"
          + "kubernetes.io/cluster/hr-dev-eksdemo1" = "shared"
          + "kubernetes.io/role/elb"                = "1"
          + "owners"                                = "hr"
        }
      + tags_all                                       = {
          + "Name"                                  = "hr-dev-eksdemo1-public-us-east-1b"
          + "Type"                                  = "Public Subnets"
          + "environment"                           = "dev"
          + "kubernetes.io/cluster/hr-dev-eksdemo1" = "shared"
          + "kubernetes.io/role/elb"                = "1"
          + "owners"                                = "hr"
        }
      + vpc_id                                         = (known after apply)
    }

  # module.vpc.aws_vpc.this[0] will be created
  + resource "aws_vpc" "this" {
      + arn                                  = (known after apply)
      + cidr_block                           = "10.0.0.0/16"
      + default_network_acl_id               = (known after apply)
      + default_route_table_id               = (known after apply)
      + default_security_group_id            = (known after apply)
      + dhcp_options_id                      = (known after apply)
      + enable_dns_hostnames                 = true
      + enable_dns_support                   = true
      + enable_network_address_usage_metrics = (known after apply)
      + id                                   = (known after apply)
      + instance_tenancy                     = "default"
      + ipv6_association_id                  = (known after apply)
      + ipv6_cidr_block                      = (known after apply)
      + ipv6_cidr_block_network_border_group = (known after apply)
      + main_route_table_id                  = (known after apply)
      + owner_id                             = (known after apply)
      + tags                                 = {
          + "Name"        = "hr-dev-eksdemo1"
          + "environment" = "dev"
          + "owners"      = "hr"
        }
      + tags_all                             = {
          + "Name"        = "hr-dev-eksdemo1"
          + "environment" = "dev"
          + "owners"      = "hr"
        }
    }

Plan: 40 to add, 0 to change, 0 to destroy.

Changes to Outputs:
  + azs                                = [
      + "us-east-1a",
      + "us-east-1b",
      + "us-east-1c",
      + "us-east-1d",
      + "us-east-1e",
      + "us-east-1f",
    ]
  + cluster_arn                        = (known after apply)
  + cluster_certificate_authority_data = (known after apply)
  + cluster_endpoint                   = (known after apply)
  + cluster_iam_role_arn               = (known after apply)
  + cluster_iam_role_name              = "hr-dev-eks-master-role"
  + cluster_id                         = (known after apply)
  + cluster_oidc_issuer_url            = (known after apply)
  + cluster_primary_security_group_id  = (known after apply)
  + cluster_version                    = "1.28"
  + ec2_bastion_public_instance_ids    = (known after apply)
  + ec2_bastion_public_ip              = (known after apply)
  + nat_public_ips                     = [
      + (known after apply),
    ]
  + node_group_public_arn              = (known after apply)
  + node_group_public_id               = (known after apply)
  + node_group_public_status           = (known after apply)
  + node_group_public_version          = (known after apply)
  + private_subnets                    = [
      + (known after apply),
      + (known after apply),
    ]
  + public_subnets                     = [
      + (known after apply),
      + (known after apply),
    ]
  + vpc_cidr_block                     = "10.0.0.0/16"
  + vpc_id                             = (known after apply)

─────────────────────────────────────────────────────────────────────────────

Saved the plan to: tfplan

To perform exactly these actions, run the following command to apply:
    terraform apply "tfplan"

[Container] 2024/01/30 05:44:55.715718 Phase complete: BUILD State: SUCCEEDED
[Container] 2024/01/30 05:44:55.715737 Phase context status code:  Message: 
[Container] 2024/01/30 05:44:55.746505 Entering phase POST_BUILD
[Container] 2024/01/30 05:44:55.747045 Running command terraform apply tfplan
aws_iam_role.eks_nodegroup_role: Creating...
aws_iam_role.eks_master_role: Creating...
module.vpc.aws_vpc.this[0]: Creating...
aws_iam_role.eks_nodegroup_role: Creation complete after 0s [id=hr-dev-eks-nodegroup-role]
aws_iam_role.eks_master_role: Creation complete after 0s [id=hr-dev-eks-master-role]
aws_iam_role_policy_attachment.eks-AmazonEKSVPCResourceController: Creating...
aws_iam_role_policy_attachment.eks-AmazonEKSWorkerNodePolicy: Creating...
aws_iam_role_policy_attachment.eks-AmazonEC2ContainerRegistryReadOnly: Creating...
aws_iam_role_policy_attachment.eks-AmazonEKS_CNI_Policy: Creating...
aws_iam_role_policy_attachment.eks-AmazonEKSClusterPolicy: Creating...
aws_iam_role_policy_attachment.eks-AmazonEKSClusterPolicy: Creation complete after 0s [id=hr-dev-eks-master-role-20240130054459558000000001]
aws_iam_role_policy_attachment.eks-AmazonEKS_CNI_Policy: Creation complete after 1s [id=hr-dev-eks-nodegroup-role-20240130054459559500000002]
aws_iam_role_policy_attachment.eks-AmazonEKSVPCResourceController: Creation complete after 1s [id=hr-dev-eks-master-role-20240130054459564800000003]
aws_iam_role_policy_attachment.eks-AmazonEC2ContainerRegistryReadOnly: Creation complete after 1s [id=hr-dev-eks-nodegroup-role-20240130054459579400000004]
aws_iam_role_policy_attachment.eks-AmazonEKSWorkerNodePolicy: Creation complete after 1s [id=hr-dev-eks-nodegroup-role-20240130054459619400000005]
module.vpc.aws_vpc.this[0]: Still creating... [10s elapsed]
module.vpc.aws_vpc.this[0]: Creation complete after 12s [id=vpc-063edde7643d3c7bf]
module.vpc.aws_default_security_group.this[0]: Creating...
module.vpc.aws_default_network_acl.this[0]: Creating...
module.vpc.aws_subnet.private[1]: Creating...
module.vpc.aws_default_route_table.default[0]: Creating...
module.vpc.aws_route_table.public[0]: Creating...
module.vpc.aws_route_table.private[0]: Creating...
module.public_bastion_sg.aws_security_group.this_name_prefix[0]: Creating...
module.vpc.aws_subnet.public[1]: Creating...
module.vpc.aws_subnet.database[1]: Creating...
module.vpc.aws_subnet.private[0]: Creating...
module.vpc.aws_default_route_table.default[0]: Creation complete after 0s [id=rtb-049e558445261d4ff]
module.vpc.aws_subnet.public[0]: Creating...
module.vpc.aws_route_table.private[0]: Creation complete after 0s [id=rtb-053597da6f059aa06]
module.vpc.aws_subnet.database[0]: Creating...
module.vpc.aws_route_table.public[0]: Creation complete after 0s [id=rtb-0e640c2f7d8d89b20]
module.vpc.aws_internet_gateway.this[0]: Creating...
module.vpc.aws_subnet.private[0]: Creation complete after 0s [id=subnet-0b94cd0cc7e90170b]
module.vpc.aws_subnet.database[1]: Creation complete after 0s [id=subnet-00b093f2447287de6]
module.vpc.aws_route_table.database[0]: Creating...
module.vpc.aws_subnet.private[1]: Creation complete after 1s [id=subnet-071b69d0d4f6e4117]
module.vpc.aws_internet_gateway.this[0]: Creation complete after 1s [id=igw-0ecb7db0d901cc622]
module.vpc.aws_route_table_association.private[1]: Creating...
module.vpc.aws_route_table_association.private[0]: Creating...
module.vpc.aws_route.public_internet_gateway[0]: Creating...
module.vpc.aws_default_network_acl.this[0]: Creation complete after 1s [id=acl-011a26fa7ccd852a7]
module.vpc.aws_eip.nat[0]: Creating...
module.vpc.aws_route_table_association.private[1]: Creation complete after 0s [id=rtbassoc-09426b971b056f4f3]
module.vpc.aws_default_security_group.this[0]: Creation complete after 1s [id=sg-078f7f5e13387095f]
module.vpc.aws_route_table.database[0]: Creation complete after 1s [id=rtb-0d598849c5fbd4511]
module.vpc.aws_route_table_association.private[0]: Creation complete after 0s [id=rtbassoc-0e1124178fc6109ef]
module.vpc.aws_route.public_internet_gateway[0]: Creation complete after 0s [id=r-rtb-0e640c2f7d8d89b201080289494]
module.vpc.aws_subnet.database[0]: Creation complete after 1s [id=subnet-011bd8fa9f885d703]
module.vpc.aws_route_table_association.database[1]: Creating...
module.vpc.aws_route_table_association.database[0]: Creating...
module.vpc.aws_db_subnet_group.database[0]: Creating...
module.vpc.aws_eip.nat[0]: Creation complete after 0s [id=eipalloc-06bafc8c9f9dc1399]
module.vpc.aws_route_table_association.database[1]: Creation complete after 0s [id=rtbassoc-0a4bc4d0efb425995]
module.vpc.aws_route_table_association.database[0]: Creation complete after 0s [id=rtbassoc-030ee473e4bd820b5]
module.public_bastion_sg.aws_security_group.this_name_prefix[0]: Creation complete after 2s [id=sg-09f258ba814ad98b3]
module.public_bastion_sg.aws_security_group_rule.ingress_rules[0]: Creating...
module.public_bastion_sg.aws_security_group_rule.egress_rules[0]: Creating...
module.public_bastion_sg.aws_security_group_rule.ingress_rules[0]: Creation complete after 0s [id=sgrule-3394951231]
module.vpc.aws_db_subnet_group.database[0]: Creation complete after 1s [id=hr-dev-eksdemo1]
module.public_bastion_sg.aws_security_group_rule.egress_rules[0]: Creation complete after 0s [id=sgrule-3677071545]
module.vpc.aws_subnet.public[1]: Still creating... [10s elapsed]
module.vpc.aws_subnet.public[0]: Still creating... [10s elapsed]
module.vpc.aws_subnet.public[0]: Creation complete after 11s [id=subnet-0053d71c248ff9a85]
module.vpc.aws_subnet.public[1]: Creation complete after 11s [id=subnet-0b181dfc7e0134eb0]
module.vpc.aws_nat_gateway.this[0]: Creating...
module.vpc.aws_route_table_association.public[0]: Creating...
aws_eks_cluster.eks_cluster: Creating...
module.vpc.aws_route_table_association.public[1]: Creating...
module.ec2_public.aws_instance.this[0]: Creating...
module.vpc.aws_route_table_association.public[0]: Creation complete after 0s [id=rtbassoc-0e78c4acf127c004f]
module.vpc.aws_route_table_association.public[1]: Creation complete after 2s [id=rtbassoc-0895d29f126df849a]
module.vpc.aws_nat_gateway.this[0]: Still creating... [10s elapsed]
aws_eks_cluster.eks_cluster: Still creating... [10s elapsed]
module.ec2_public.aws_instance.this[0]: Still creating... [10s elapsed]
module.ec2_public.aws_instance.this[0]: Creation complete after 13s [id=i-0406a0ed0d273238d]
module.vpc.aws_nat_gateway.this[0]: Still creating... [20s elapsed]
aws_eks_cluster.eks_cluster: Still creating... [20s elapsed]
module.vpc.aws_nat_gateway.this[0]: Still creating... [30s elapsed]
aws_eks_cluster.eks_cluster: Still creating... [30s elapsed]
module.vpc.aws_nat_gateway.this[0]: Still creating... [40s elapsed]
aws_eks_cluster.eks_cluster: Still creating... [40s elapsed]
module.vpc.aws_nat_gateway.this[0]: Still creating... [50s elapsed]
aws_eks_cluster.eks_cluster: Still creating... [50s elapsed]
module.vpc.aws_nat_gateway.this[0]: Still creating... [1m0s elapsed]
aws_eks_cluster.eks_cluster: Still creating... [1m0s elapsed]
module.vpc.aws_nat_gateway.this[0]: Still creating... [1m10s elapsed]
aws_eks_cluster.eks_cluster: Still creating... [1m10s elapsed]
module.vpc.aws_nat_gateway.this[0]: Still creating... [1m20s elapsed]
aws_eks_cluster.eks_cluster: Still creating... [1m20s elapsed]
module.vpc.aws_nat_gateway.this[0]: Creation complete after 1m23s [id=nat-0978ac31f8de5fb50]
module.vpc.aws_route.private_nat_gateway[0]: Creating...
module.vpc.aws_route.private_nat_gateway[0]: Creation complete after 1s [id=r-rtb-053597da6f059aa061080289494]
aws_eip.bastion_eip: Creating...
aws_eip.bastion_eip: Creation complete after 2s [id=eipalloc-059f402a9b662e734]
null_resource.copy_ec2_keys: Creating...
null_resource.copy_ec2_keys: Provisioning with 'file'...
null_resource.copy_ec2_keys: Provisioning with 'remote-exec'...
null_resource.copy_ec2_keys (remote-exec): Connecting to remote host via SSH...
null_resource.copy_ec2_keys (remote-exec):   Host: 52.55.209.248
null_resource.copy_ec2_keys (remote-exec):   User: ec2-user
null_resource.copy_ec2_keys (remote-exec):   Password: false
null_resource.copy_ec2_keys (remote-exec):   Private key: true
null_resource.copy_ec2_keys (remote-exec):   Certificate: false
null_resource.copy_ec2_keys (remote-exec):   SSH Agent: false
null_resource.copy_ec2_keys (remote-exec):   Checking Host Key: false
null_resource.copy_ec2_keys (remote-exec):   Target Platform: unix
aws_eks_cluster.eks_cluster: Still creating... [1m30s elapsed]
null_resource.copy_ec2_keys (remote-exec): Connected!
null_resource.copy_ec2_keys: Provisioning with 'local-exec'...
null_resource.copy_ec2_keys (local-exec): Executing: ["/bin/sh" "-c" "echo VPC created on `date` and VPC ID: vpc-063edde7643d3c7bf >> creation-time-vpc-id.txt"]
null_resource.copy_ec2_keys: Creation complete after 3s [id=8122952100997908373]
aws_eks_cluster.eks_cluster: Still creating... [1m40s elapsed]
aws_eks_cluster.eks_cluster: Still creating... [1m50s elapsed]
aws_eks_cluster.eks_cluster: Still creating... [2m0s elapsed]
aws_eks_cluster.eks_cluster: Still creating... [2m10s elapsed]
aws_eks_cluster.eks_cluster: Still creating... [2m20s elapsed]
aws_eks_cluster.eks_cluster: Still creating... [2m30s elapsed]
aws_eks_cluster.eks_cluster: Still creating... [2m40s elapsed]
aws_eks_cluster.eks_cluster: Still creating... [2m50s elapsed]
aws_eks_cluster.eks_cluster: Still creating... [3m0s elapsed]
aws_eks_cluster.eks_cluster: Still creating... [3m10s elapsed]
aws_eks_cluster.eks_cluster: Still creating... [3m20s elapsed]
aws_eks_cluster.eks_cluster: Still creating... [3m30s elapsed]
aws_eks_cluster.eks_cluster: Still creating... [3m40s elapsed]
aws_eks_cluster.eks_cluster: Still creating... [3m50s elapsed]
aws_eks_cluster.eks_cluster: Still creating... [4m0s elapsed]
aws_eks_cluster.eks_cluster: Still creating... [4m10s elapsed]
aws_eks_cluster.eks_cluster: Still creating... [4m20s elapsed]
aws_eks_cluster.eks_cluster: Still creating... [4m30s elapsed]
aws_eks_cluster.eks_cluster: Still creating... [4m40s elapsed]
aws_eks_cluster.eks_cluster: Still creating... [4m50s elapsed]
aws_eks_cluster.eks_cluster: Still creating... [5m0s elapsed]
aws_eks_cluster.eks_cluster: Still creating... [5m10s elapsed]
aws_eks_cluster.eks_cluster: Still creating... [5m20s elapsed]
aws_eks_cluster.eks_cluster: Still creating... [5m30s elapsed]
aws_eks_cluster.eks_cluster: Still creating... [5m40s elapsed]
aws_eks_cluster.eks_cluster: Still creating... [5m50s elapsed]
aws_eks_cluster.eks_cluster: Still creating... [6m0s elapsed]
aws_eks_cluster.eks_cluster: Still creating... [6m10s elapsed]
aws_eks_cluster.eks_cluster: Still creating... [6m20s elapsed]
aws_eks_cluster.eks_cluster: Still creating... [6m30s elapsed]
aws_eks_cluster.eks_cluster: Still creating... [6m40s elapsed]
aws_eks_cluster.eks_cluster: Still creating... [6m50s elapsed]
aws_eks_cluster.eks_cluster: Still creating... [7m0s elapsed]
aws_eks_cluster.eks_cluster: Still creating... [7m10s elapsed]
aws_eks_cluster.eks_cluster: Still creating... [7m20s elapsed]
aws_eks_cluster.eks_cluster: Still creating... [7m30s elapsed]
aws_eks_cluster.eks_cluster: Still creating... [7m40s elapsed]
aws_eks_cluster.eks_cluster: Still creating... [7m50s elapsed]
aws_eks_cluster.eks_cluster: Still creating... [8m0s elapsed]
aws_eks_cluster.eks_cluster: Still creating... [8m10s elapsed]
aws_eks_cluster.eks_cluster: Still creating... [8m20s elapsed]
aws_eks_cluster.eks_cluster: Still creating... [8m30s elapsed]
aws_eks_cluster.eks_cluster: Still creating... [8m40s elapsed]
aws_eks_cluster.eks_cluster: Still creating... [8m50s elapsed]
aws_eks_cluster.eks_cluster: Creation complete after 8m54s [id=hr-dev-eksdemo1]
aws_eks_node_group.eks_ng_public: Creating...
aws_eks_node_group.eks_ng_public: Still creating... [10s elapsed]
aws_eks_node_group.eks_ng_public: Still creating... [20s elapsed]
aws_eks_node_group.eks_ng_public: Still creating... [30s elapsed]
aws_eks_node_group.eks_ng_public: Still creating... [40s elapsed]
aws_eks_node_group.eks_ng_public: Still creating... [50s elapsed]
aws_eks_node_group.eks_ng_public: Still creating... [1m0s elapsed]
aws_eks_node_group.eks_ng_public: Still creating... [1m10s elapsed]
aws_eks_node_group.eks_ng_public: Still creating... [1m20s elapsed]
aws_eks_node_group.eks_ng_public: Creation complete after 1m25s [id=hr-dev-eksdemo1:hr-dev-eks-ng-public]

Apply complete! Resources: 40 added, 0 changed, 0 destroyed.

Outputs:

azs = tolist([
  "us-east-1a",
  "us-east-1b",
  "us-east-1c",
  "us-east-1d",
  "us-east-1e",
  "us-east-1f",
])
cluster_arn = "arn:aws:eks:us-east-1:116773736284:cluster/hr-dev-eksdemo1"
cluster_certificate_authority_data = "LS0tLS1CRUdJTiBDRVJUSUZJQ0FURS0tLS0tCk1JSURCVENDQWUyZ0F3SUJBZ0lJWXNLUEs1ZkhvRXN3RFFZSktvWklodmNOQVFFTEJRQXdGVEVUTUJFR0ExVUUKQXhNS2EzVmlaWEp1WlhSbGN6QWVGdzB5TkRBeE16QXdOVFExTXpaYUZ3MHpOREF4TWpjd05UVXdNelphTUJVeApFekFSQmdOVkJBTVRDbXQxWW1WeWJtVjBaWE13Z2dFaU1BMEdDU3FHU0liM0RRRUJBUVVBQTRJQkR3QXdnZ0VLCkFvSUJBUURVaDBnTUp5NW9PNEdySXlxSTdUb2VLSy8xb0hpL0VjaS9ObG5CTW03MVpUV3F5eU01bXAxOURxQW8KOXIwWFlaU0t5eTJWRWM2TTc2N041LytMZDVTVXNEckZEWGdTcjlYRG1YbXVHWkh5M053L3AyTmZrTjUrSTlwbAo2a1pLT2Y3czJMV2tvQUY5QUE0RzlVN3B4d0NnelpIaFhRWVZNZjlQNXJteHRKbUdwYmNWQW1kRjhncUxnWFdlCnowZFlqOUdDRWFYTEV4amNXbzBlcUF2cVhVOGRXUExPM2FueVR4a1IwdTZZNzFzVjVrNG5YT0I2czl1VlluVFgKMldmNnBQQ3BoZE1EWU13OFBJbE0yckdhWGp2WjNiNkVhc2RTcDBvZThXbm9USW0zZUhUOEZiMTFZbmxjZEx1VwpMaFhxdStKSTdiQkxiTWxQY1VYWE9xWU95WGFSQWdNQkFBR2pXVEJYTUE0R0ExVWREd0VCL3dRRUF3SUNwREFQCkJnTlZIUk1CQWY4RUJUQURBUUgvTUIwR0ExVWREZ1FXQkJUL1M3UlU0RkRiMjVaNEhRUXRMWllNUzJHOWJ6QVYKQmdOVkhSRUVEakFNZ2dwcmRXSmxjbTVsZEdWek1BMEdDU3FHU0liM0RRRUJDd1VBQTRJQkFRQlRIR2JKU0R3QwpaYTVrWGVjNUZkOVo4SXJ4b3RnNHRsVnltUytRbjlINDdXWDFNcVdHQXl4Z1IybXFEWithTjEzbWRpc0pjSkVCCjU3OUl2dy9SOExjTmZVVEVXd3BYYWlHUHd1YVFJaThCcU8vN0FVRHdMbFRuQmFNWHJpRFdpNnYwUnZjK21LYnYKWUNlVjJ5RFF4SXBWQ2JpaFhQOGRzdURlSjIzMDk5RlNGZFVYVTBvN0V2Q01NbDhxYjZzUW1iREkwb0Q3dnJKQwpxeDF6NVlrVTFUV3JMRHNydHczV0krK2VOeTNFT0hvUGx3czBNTVcyOFpCd2VIbTRDS2w2S2ZlQW9IOHpqVjVrCkZtU0pMUURaWHB3dFE4NUI1SElkeUFKNzNjNi9xczcxMUNQZzNwREs0SkV6SFdrT0FVK2piNncyUW11c1dXblUKYUNsQ2YvRnhPemdFCi0tLS0tRU5EIENFUlRJRklDQVRFLS0tLS0K"
cluster_endpoint = "https://F50BB67B30A655B434ACB4E66E2D499D.gr7.us-east-1.eks.amazonaws.com"
cluster_iam_role_arn = "arn:aws:iam::116773736284:role/hr-dev-eks-master-role"
cluster_iam_role_name = "hr-dev-eks-master-role"
cluster_id = "hr-dev-eksdemo1"
cluster_oidc_issuer_url = "https://oidc.eks.us-east-1.amazonaws.com/id/F50BB67B30A655B434ACB4E66E2D499D"
cluster_primary_security_group_id = "sg-0ece8dc5822e86143"
cluster_version = "1.28"
ec2_bastion_public_instance_ids = "i-0406a0ed0d273238d"
ec2_bastion_public_ip = "52.55.209.248"
nat_public_ips = tolist([
  "35.170.101.104",
])
node_group_public_arn = "arn:aws:eks:us-east-1:116773736284:nodegroup/hr-dev-eksdemo1/hr-dev-eks-ng-public/bac6ac77-5ccf-b71f-b5b9-6471cb0f8c80"
node_group_public_id = "hr-dev-eksdemo1:hr-dev-eks-ng-public"
node_group_public_status = "ACTIVE"
node_group_public_version = "1.28"
private_subnets = [
  "subnet-0b94cd0cc7e90170b",
  "subnet-071b69d0d4f6e4117",
]
public_subnets = [
  "subnet-0053d71c248ff9a85",
  "subnet-0b181dfc7e0134eb0",
]
vpc_cidr_block = "10.0.0.0/16"
vpc_id = "vpc-063edde7643d3c7bf"

[Container] 2024/01/30 05:55:42.536996 Running command echo terraform execution completed on `date`
terraform execution completed on Tue Jan 30 05:55:42 UTC 2024

[Container] 2024/01/30 05:55:42.545524 Phase complete: POST_BUILD State: SUCCEEDED
[Container] 2024/01/30 05:55:42.545593 Phase context status code:  Message: